
Microsoft Visual Studio Solution File, Format Version 12.00
# Visual Studio 15
VisualStudioVersion = 15.0.28307.1062
MinimumVisualStudioVersion = 10.0.40219.1
Project("{8BC9CEB8-8B4A-11D0-8D11-00A0C91BC942}") = "Paraphrase-Hackathon-Project", "Paraphrase-Hackathon-Project\Paraphrase-Hackathon-Project.vcxproj", "{E3881104-8EDA-472A-B937-94B48AF14DEF}"
EndProject
Project("{2150E333-8FDC-42A3-9474-1A3956D46DE8}") = "Solution Items", "Solution Items", "{23121ECD-A659-404A-B873-BC2EB3F38468}"
EndProject
Global
	GlobalSection(SolutionConfigurationPlatforms) = preSolution
		Debug|x64 = Debug|x64
		Debug|x86 = Debug|x86
		Release|x64 = Release|x64
		Release|x86 = Release|x86
	EndGlobalSection
	GlobalSection(ProjectConfigurationPlatforms) = postSolution
		{E3881104-8EDA-472A-B937-94B48AF14DEF}.Debug|x64.ActiveCfg = Debug|x64
		{E3881104-8EDA-472A-B937-94B48AF14DEF}.Debug|x64.Build.0 = Debug|x64
		{E3881104-8EDA-472A-B937-94B48AF14DEF}.Debug|x86.ActiveCfg = Debug|Win32
		{E3881104-8EDA-472A-B937-94B48AF14DEF}.Debug|x86.Build.0 = Debug|Win32
		{E3881104-8EDA-472A-B937-94B48AF14DEF}.Release|x64.ActiveCfg = Release|x64
		{E3881104-8EDA-472A-B937-94B48AF14DEF}.Release|x64.Build.0 = Release|x64
		{E3881104-8EDA-472A-B937-94B48AF14DEF}.Release|x86.ActiveCfg = Release|Win32
		{E3881104-8EDA-472A-B937-94B48AF14DEF}.Release|x86.Build.0 = Release|Win32
	EndGlobalSection
	GlobalSection(SolutionProperties) = preSolution
		HideSolutionNode = FALSE
	EndGlobalSection
	GlobalSection(ExtensibilityGlobals) = postSolution
		SolutionGuid = {0D5241C8-0F44-4B6E-9C78-5FA00E5DEA1F}
	EndGlobalSection
EndGlobal
